NeoBundleLock cosco.vim 4c77991473083c84e4ee56dae2964b8a3adfca1f
NeoBundleLock emmet-vim cda7349b65086c67bfff47348a309515f2119271
NeoBundleLock grep.vim 852ddb0c6590bbc41c508d7f5d2fc17112492def
NeoBundleLock incsearch.vim 5b79457f04c5afd12a06b10765f752550c066c01
NeoBundleLock jscomplete-vim d3af71c06a07f1285f3a6f82b032f3c8fb9744eb
NeoBundleLock neobundle.vim b17652e171cc439a6d7554b96daea76c502da3c9
NeoBundleLock neocomplete 72bf34c349078ae0e4691f7e00dd2a7ab5714a69
NeoBundleLock neocomplete-rsense.vim a8b7460a41eb96aa1c9e49b231dd95e216c8dc2d
NeoBundleLock neomru.vim b12f9a57ce83af86e585e1f23611f5a243d9fa60
NeoBundleLock neosnippet f1980468b0a397d36318a409d3677bc13d307392
NeoBundleLock neosnippet-snippets 522c38e28949ae53af8c96d7bcbda192b92e3656
NeoBundleLock open-browser.vim 7401abae649219708cc09a50e4f8967c5a11083c
NeoBundleLock previm d36c96ab555cde16f9386a4d9cb645b31d7658cc
NeoBundleLock rename.vim f133763b0bbd79039f4e071a467ea8fc27d97dbd
NeoBundleLock splitjoin.vim c085b3cc86b9adf2b732e533c6a856ac31f89b22
NeoBundleLock syntastic e46c64701c7407dd947e565f1fcb8748844514ac
NeoBundleLock tcomment_vim 1a9e65e6e1b2783816b606d57184a05ef3f91339
NeoBundleLock unite.vim 66196701d05e7b941607ca28b1dcc67ef7c5c133
NeoBundleLock vim-airline b29e01fa22ee8b8eb02cf505382a90b045b4bc64
NeoBundleLock vim-auto-save 1685175183d160879ebcf231cd4c96b1b8a5a5c9
NeoBundleLock vim-better-whitespace 984c8da518799a6bfb8214e1acdcfd10f5f1eed7
NeoBundleLock vim-endwise f06abe3d6eca6f6ebfc31ea3163a51575f450df6
NeoBundleLock vim-fugitive 1c844375fa2762e3b7c16294fa36afee6fef28b1
NeoBundleLock vim-gista ffe85c0438cf5ad76b07ddb6524de3803c2bfdba
NeoBundleLock vim-gotham 6486e10a22003a2647a2bddbffbd05d2c5b98514
NeoBundleLock vim-javascript bab4f3944fb6ef0953991ddfb6c734219c95b83a
NeoBundleLock vim-javascript-syntax 8066c375aa911bd225e07f6d8d5c8661702eec75
NeoBundleLock vim-node 07a5e9f914dda778cdcefde3274d0f2ee5a75961
NeoBundleLock vim-operator-surround 93f7c2160a1998248d5d4fab52354ed3a403df2d
NeoBundleLock vim-operator-user c3dfd41c1ed516b4b901c97562e644de62c367aa
NeoBundleLock vim-quickrun c7800ea3d01209da678708e4d3b5175009551807
NeoBundleLock vim-rails 21ada3b19b77fc121afeb233c2b740600e41249a
NeoBundleLock vim-ref 70741519b70a67623d1e5d56d50764491b7582ea
NeoBundleLock vim-ref-ri e3a2dbb71af73bf15c9c2134cc3630edc60331eb
NeoBundleLock vim-seeing-is-believing b5ecc4ae03c9e4620f8ce30a9e17957d1688b810
NeoBundleLock vim-slim 0daaa8581f9a9968cebbc7d14ae9acf1625c0389
NeoBundleLock vim-smartinput 78ab4b3df24fa2753d3dfc1be75ed5a3df1565b8
NeoBundleLock vim-tags 54811d025ab5f14dd535d58ba6b824566231791a
NeoBundleLock vimdoc-ja 1e0fadb00501416439cfa11f22aa0cf0fd155dd0
NeoBundleLock vimfiler b1d7cfca897dff12933020f5494b6ae5e5e1d629
NeoBundleLock vimproc.vim c286dcbdfca9e0ee1a4cb90f09c3f03638112f5a
NeoBundleLock yankround.vim 96bdd8226df7f06f3b016cf6a23442dfdb9981ac
