NeoBundleLock emmet-vim 1c46c5fb775606621906f0bedc8da8bc636c1dac
NeoBundleLock grep.vim 852ddb0c6590bbc41c508d7f5d2fc17112492def
NeoBundleLock neobundle.vim da586948ea027442d6c1b724e3b8c0937e224454
NeoBundleLock neocomplete 0a8a7e8a72a23459c2eda5116fe9b22b0dad7a3e
NeoBundleLock neocomplete-rsense.vim a8b7460a41eb96aa1c9e49b231dd95e216c8dc2d
NeoBundleLock neomru.vim e72bef33c7f6af3d17c9968f9ac7bb2fda2a2bde
NeoBundleLock neosnippet 7c1d60f49925747f1ae2998e327bdff58fc9323b
NeoBundleLock neosnippet-snippets 522c38e28949ae53af8c96d7bcbda192b92e3656
NeoBundleLock nerdtree 3b98a7fcae8f9fff356907171f0406ff8cd28921
NeoBundleLock open-browser.vim 7401abae649219708cc09a50e4f8967c5a11083c
NeoBundleLock previm d2113bd2bece790edad0f1ebf222f16e780b8a74
NeoBundleLock rename.vim f133763b0bbd79039f4e071a467ea8fc27d97dbd
NeoBundleLock syntastic 9af644dace47bb6692dd7364eb066e50c5f710b9
NeoBundleLock tcomment_vim 0262fdc53df2e6a24be91c10311dfaf1acd048fc
NeoBundleLock unite.vim bead7d12ab188ec80c05c6a764bb000dde2cb1c9
NeoBundleLock vim-airline 67de5f2257f8d5def7a31e3009d4298ce977cb80
NeoBundleLock vim-auto-save 1685175183d160879ebcf231cd4c96b1b8a5a5c9
NeoBundleLock vim-autoclose a9a3b7384657bc1f60a963fd6c08c63fc48d61c3
NeoBundleLock vim-endwise bba43b831ae0485cf9b86d16340a6a314b927391
NeoBundleLock vim-gista ffe85c0438cf5ad76b07ddb6524de3803c2bfdba
NeoBundleLock vim-markdown 028a7613eadf84d4e75c2eaa87b1cc756774f9c5
NeoBundleLock vim-quickrun 72e2bd74f6a541ddee856eaafb655825789d91fa
NeoBundleLock vim-surround 772ab9587b7d1e2c3bae75395c9123803059ba8a
NeoBundleLock vim-trailing-whitespace d4ad27de051848e544e360482bdf076b154de0c1
NeoBundleLock vimproc.vim 0f68bcd93399ecbcde3eaa4efd09107314c9bdee
